
Microsoft Visual Studio Solution File, Format Version 11.00
# Visual Studio 2010
Project("{FAE04EC0-301F-11D3-BF4B-00C04F79EFBC}") = "TestLibCSV", "TestLibCSV\TestLibCSV.csproj", "{6951BFE2-7983-4FE2-92B0-BB8CD451E309}"
EndProject
Project("{FAE04EC0-301F-11D3-BF4B-00C04F79EFBC}") = "LibCSV", "LibCSV\LibCSV.csproj", "{88A1D156-2296-4A18-B5DE-FE35FDB23DF3}"
EndProject
Global
	GlobalSection(SolutionConfigurationPlatforms) = preSolution
		Debug|Any CPU = Debug|Any CPU
		Release|Any CPU = Release|Any CPU
	EndGlobalSection
	GlobalSection(ProjectConfigurationPlatforms) = postSolution
		{6951BFE2-7983-4FE2-92B0-BB8CD451E309}.Debug|Any CPU.ActiveCfg = Debug|Any CPU
		{6951BFE2-7983-4FE2-92B0-BB8CD451E309}.Debug|Any CPU.Build.0 = Debug|Any CPU
		{6951BFE2-7983-4FE2-92B0-BB8CD451E309}.Release|Any CPU.ActiveCfg = Release|Any CPU
		{6951BFE2-7983-4FE2-92B0-BB8CD451E309}.Release|Any CPU.Build.0 = Release|Any CPU
		{88A1D156-2296-4A18-B5DE-FE35FDB23DF3}.Debug|Any CPU.ActiveCfg = Debug|Any CPU
		{88A1D156-2296-4A18-B5DE-FE35FDB23DF3}.Debug|Any CPU.Build.0 = Debug|Any CPU
		{88A1D156-2296-4A18-B5DE-FE35FDB23DF3}.Release|Any CPU.ActiveCfg = Release|Any CPU
		{88A1D156-2296-4A18-B5DE-FE35FDB23DF3}.Release|Any CPU.Build.0 = Release|Any CPU
	EndGlobalSection
	GlobalSection(MonoDevelopProperties) = preSolution
		StartupItem = CsvApp\CsvApp.csproj
	EndGlobalSection
EndGlobal
